// !$*UTF8*$!
{
	archiveVersion = 1;
	classes = {
	};
	objectVersion = 56;
	objects = {

/* Begin PBXBuildFile section */
		C4DE854B2B3C6763009C9576 /* Accessible_NewsApp.swift in Sources */ = {isa = PBXBuildFile; fileRef = C4DE854A2B3C6763009C9576 /* Accessible_NewsApp.swift */; };
		C4DE854D2B3C6763009C9576 /* NewsPageView.swift in Sources */ = {isa = PBXBuildFile; fileRef = C4DE854C2B3C6763009C9576 /* NewsPageView.swift */; };
		C4DE854F2B3C6765009C9576 /* Assets.xcassets in Resources */ = {isa = PBXBuildFile; fileRef = C4DE854E2B3C6765009C9576 /* Assets.xcassets */; };
		C4DE85522B3C6765009C9576 /* Preview Assets.xcassets in Resources */ = {isa = PBXBuildFile; fileRef = C4DE85512B3C6765009C9576 /* Preview Assets.xcassets */; };
		C4DE85592B3C6D40009C9576 /* NewsPageViewModel.swift in Sources */ = {isa = PBXBuildFile; fileRef = C4DE85582B3C6D40009C9576 /* NewsPageViewModel.swift */; };
		C4DE855C2B3C6DD0009C9576 /* NetworkingPackageGeneric in Frameworks */ = {isa = PBXBuildFile; productRef = C4DE855B2B3C6DD0009C9576 /* NetworkingPackageGeneric */; };
		C4DE855E2B3C6EE6009C9576 /* NewsPageModel.swift in Sources */ = {isa = PBXBuildFile; fileRef = C4DE855D2B3C6EE6009C9576 /* NewsPageModel.swift */; };
		C4DE85602B3C932E009C9576 /* DetailsPageView.swift in Sources */ = {isa = PBXBuildFile; fileRef = C4DE855F2B3C932D009C9576 /* DetailsPageView.swift */; };
		C4DE85622B3C93CD009C9576 /* NewsTableViewCell.swift in Sources */ = {isa = PBXBuildFile; fileRef = C4DE85612B3C93CD009C9576 /* NewsTableViewCell.swift */; };
/* End PBXBuildFile section */

/* Begin PBXFileReference section */
		C4DE85472B3C6763009C9576 /* Accessible News.app */ = {isa = PBXFileReference; explicitFileType = wrapper.application; includeInIndex = 0; path = "Accessible News.app"; sourceTree = BUILT_PRODUCTS_DIR; };
		C4DE854A2B3C6763009C9576 /* Accessible_NewsApp.swift */ = {isa = PBXFileReference; lastKnownFileType = sourcecode.swift; path = Accessible_NewsApp.swift; sourceTree = "<group>"; };
		C4DE854C2B3C6763009C9576 /* NewsPageView.swift */ = {isa = PBXFileReference; lastKnownFileType = sourcecode.swift; path = NewsPageView.swift; sourceTree = "<group>"; };
		C4DE854E2B3C6765009C9576 /* Assets.xcassets */ = {isa = PBXFileReference; lastKnownFileType = folder.assetcatalog; path = Assets.xcassets; sourceTree = "<group>"; };
		C4DE85512B3C6765009C9576 /* Preview Assets.xcassets */ = {isa = PBXFileReference; lastKnownFileType = folder.assetcatalog; path = "Preview Assets.xcassets"; sourceTree = "<group>"; };
		C4DE85582B3C6D40009C9576 /* NewsPageViewModel.swift */ = {isa = PBXFileReference; lastKnownFileType = sourcecode.swift; path = NewsPageViewModel.swift; sourceTree = "<group>"; };
		C4DE855D2B3C6EE6009C9576 /* NewsPageModel.swift */ = {isa = PBXFileReference; lastKnownFileType = sourcecode.swift; path = NewsPageModel.swift; sourceTree = "<group>"; };
		C4DE855F2B3C932D009C9576 /* DetailsPageView.swift */ = {isa = PBXFileReference; lastKnownFileType = sourcecode.swift; path = DetailsPageView.swift; sourceTree = "<group>"; };
		C4DE85612B3C93CD009C9576 /* NewsTableViewCell.swift */ = {isa = PBXFileReference; lastKnownFileType = sourcecode.swift; path = NewsTableViewCell.swift; sourceTree = "<group>"; };
/* End PBXFileReference section */

/* Begin PBXFrameworksBuildPhase section */
		C4DE85442B3C6763009C9576 /* Frameworks */ = {
			isa = PBXFrameworksBuildPhase;
			buildActionMask = 2147483647;
			files = (
				C4DE855C2B3C6DD0009C9576 /* NetworkingPackageGeneric in Frameworks */,
			);
			runOnlyForDeploymentPostprocessing = 0;
		};
/* End PBXFrameworksBuildPhase section */

/* Begin PBXGroup section */
		C4DE853E2B3C6763009C9576 = {
			isa = PBXGroup;
			children = (
				C4DE85492B3C6763009C9576 /* Accessible News */,
				C4DE85482B3C6763009C9576 /* Products */,
			);
			sourceTree = "<group>";
		};
		C4DE85482B3C6763009C9576 /* Products */ = {
			isa = PBXGroup;
			children = (
				C4DE85472B3C6763009C9576 /* Accessible News.app */,
			);
			name = Products;
			sourceTree = "<group>";
		};
		C4DE85492B3C6763009C9576 /* Accessible News */ = {
			isa = PBXGroup;
			children = (
				C4DE85642B3C941E009C9576 /* App */,
				C4DE85632B3C9407009C9576 /* NewsPage */,
				C4DE854E2B3C6765009C9576 /* Assets.xcassets */,
				C4DE85502B3C6765009C9576 /* Preview Content */,
				C4DE855F2B3C932D009C9576 /* DetailsPageView.swift */,
			);
			path = "Accessible News";
			sourceTree = "<group>";
		};
		C4DE85502B3C6765009C9576 /* Preview Content */ = {
			isa = PBXGroup;
			children = (
				C4DE85512B3C6765009C9576 /* Preview Assets.xcassets */,
			);
			path = "Preview Content";
			sourceTree = "<group>";
		};
		C4DE85632B3C9407009C9576 /* NewsPage */ = {
			isa = PBXGroup;
			children = (
				C4DE85612B3C93CD009C9576 /* NewsTableViewCell.swift */,
				C4DE855D2B3C6EE6009C9576 /* NewsPageModel.swift */,
				C4DE854C2B3C6763009C9576 /* NewsPageView.swift */,
				C4DE85582B3C6D40009C9576 /* NewsPageViewModel.swift */,
			);
			path = NewsPage;
			sourceTree = "<group>";
		};
		C4DE85642B3C941E009C9576 /* App */ = {
			isa = PBXGroup;
			children = (
				C4DE854A2B3C6763009C9576 /* Accessible_NewsApp.swift */,
			);
			path = App;
			sourceTree = "<group>";
		};
/* End PBXGroup section */

/* Begin PBXNativeTarget section */
		C4DE85462B3C6763009C9576 /* Accessible News */ = {
			isa = PBXNativeTarget;
			buildConfigurationList = C4DE85552B3C6765009C9576 /* Build configuration list for PBXNativeTarget "Accessible News" */;
			buildPhases = (
				C4DE85432B3C6763009C9576 /* Sources */,
				C4DE85442B3C6763009C9576 /* Frameworks */,
				C4DE85452B3C6763009C9576 /* Resources */,
			);
			buildRules = (
			);
			dependencies = (
			);
			name = "Accessible News";
			packageProductDependencies = (
				C4DE855B2B3C6DD0009C9576 /* NetworkingPackageGeneric */,
			);
			productName = "Accessible News";
			productReference = C4DE85472B3C6763009C9576 /* Accessible News.app */;
			productType = "com.apple.product-type.application";
		};
/* End PBXNativeTarget section */

/* Begin PBXProject section */
		C4DE853F2B3C6763009C9576 /* Project object */ = {
			isa = PBXProject;
			attributes = {
				BuildIndependentTargetsInParallel = 1;
				LastSwiftUpdateCheck = 1500;
				LastUpgradeCheck = 1500;
				TargetAttributes = {
					C4DE85462B3C6763009C9576 = {
						CreatedOnToolsVersion = 15.0;
					};
				};
			};
			buildConfigurationList = C4DE85422B3C6763009C9576 /* Build configuration list for PBXProject "Accessible News" */;
			compatibilityVersion = "Xcode 14.0";
			developmentRegion = en;
			hasScannedForEncodings = 0;
			knownRegions = (
				en,
				Base,
			);
			mainGroup = C4DE853E2B3C6763009C9576;
			packageReferences = (
				C4DE855A2B3C6DD0009C9576 /* XCRemoteSwiftPackageReference "networking-package-generic" */,
			);
			productRefGroup = C4DE85482B3C6763009C9576 /* Products */;
			projectDirPath = "";
			projectRoot = "";
			targets = (
				C4DE85462B3C6763009C9576 /* Accessible News */,
			);
		};
/* End PBXProject section */

/* Begin PBXResourcesBuildPhase section */
		C4DE85452B3C6763009C9576 /* Resources */ = {
			isa = PBXResourcesBuildPhase;
			buildActionMask = 2147483647;
			files = (
				C4DE85522B3C6765009C9576 /* Preview Assets.xcassets in Resources */,
				C4DE854F2B3C6765009C9576 /* Assets.xcassets in Resources */,
			);
			runOnlyForDeploymentPostprocessing = 0;
		};
/* End PBXResourcesBuildPhase section */

/* Begin PBXSourcesBuildPhase section */
		C4DE85432B3C6763009C9576 /* Sources */ = {
			isa = PBXSourcesBuildPhase;
			buildActionMask = 2147483647;
			files = (
				C4DE854D2B3C6763009C9576 /* NewsPageView.swift in Sources */,
				C4DE855E2B3C6EE6009C9576 /* NewsPageModel.swift in Sources */,
				C4DE85622B3C93CD009C9576 /* NewsTableViewCell.swift in Sources */,
				C4DE85592B3C6D40009C9576 /* NewsPageViewModel.swift in Sources */,
				C4DE854B2B3C6763009C9576 /* Accessible_NewsApp.swift in Sources */,
				C4DE85602B3C932E009C9576 /* DetailsPageView.swift in Sources */,
			);
			runOnlyForDeploymentPostprocessing = 0;
		};
/* End PBXSourcesBuildPhase section */

/* Begin XCBuildConfiguration section */
		C4DE85532B3C6765009C9576 /* Debug */ = {
			isa = XCBuildConfiguration;
			buildSettings = {
				ALWAYS_SEARCH_USER_PATHS = NO;
				ASSETCATALOG_COMPILER_GENERATE_SWIFT_ASSET_SYMBOL_EXTENSIONS = YES;
				CLANG_ANALYZER_NONNULL = YES;
				CLANG_ANALYZER_NUMBER_OBJECT_CONVERSION = YES_AGGRESSIVE;
				CLANG_CXX_LANGUAGE_STANDARD = "gnu++20";
				CLANG_ENABLE_MODULES = YES;
				CLANG_ENABLE_OBJC_ARC = YES;
				CLANG_ENABLE_OBJC_WEAK = YES;
				CLANG_WARN_BLOCK_CAPTURE_AUTORELEASING = YES;
				CLANG_WARN_BOOL_CONVERSION = YES;
				CLANG_WARN_COMMA = YES;
				CLANG_WARN_CONSTANT_CONVERSION = YES;
				CLANG_WARN_DEPRECATED_OBJC_IMPLEMENTATIONS = YES;
				CLANG_WARN_DIRECT_OBJC_ISA_USAGE = YES_ERROR;
				CLANG_WARN_DOCUMENTATION_COMMENTS = YES;
				CLANG_WARN_EMPTY_BODY = YES;
				CLANG_WARN_ENUM_CONVERSION = YES;
				CLANG_WARN_INFINITE_RECURSION = YES;
				CLANG_WARN_INT_CONVERSION = YES;
				CLANG_WARN_NON_LITERAL_NULL_CONVERSION = YES;
				CLANG_WARN_OBJC_IMPLICIT_RETAIN_SELF = YES;
				CLANG_WARN_OBJC_LITERAL_CONVERSION = YES;
				CLANG_WARN_OBJC_ROOT_CLASS = YES_ERROR;
				CLANG_WARN_QUOTED_INCLUDE_IN_FRAMEWORK_HEADER = YES;
				CLANG_WARN_RANGE_LOOP_ANALYSIS = YES;
				CLANG_WARN_STRICT_PROTOTYPES = YES;
				CLANG_WARN_SUSPICIOUS_MOVE = YES;
				CLANG_WARN_UNGUARDED_AVAILABILITY = YES_AGGRESSIVE;
				CLANG_WARN_UNREACHABLE_CODE = YES;
				CLANG_WARN__DUPLICATE_METHOD_MATCH = YES;
				COPY_PHASE_STRIP = NO;
				DEBUG_INFORMATION_FORMAT = dwarf;
				ENABLE_STRICT_OBJC_MSGSEND = YES;
				ENABLE_TESTABILITY = YES;
				ENABLE_USER_SCRIPT_SANDBOXING = YES;
				GCC_C_LANGUAGE_STANDARD = gnu17;
				GCC_DYNAMIC_NO_PIC = NO;
				GCC_NO_COMMON_BLOCKS = YES;
				GCC_OPTIMIZATION_LEVEL = 0;
				GCC_PREPROCESSOR_DEFINITIONS = (
					"DEBUG=1",
					"$(inherited)",
				);
				GCC_WARN_64_TO_32_BIT_CONVERSION = YES;
				GCC_WARN_ABOUT_RETURN_TYPE = YES_ERROR;
				GCC_WARN_UNDECLARED_SELECTOR = YES;
				GCC_WARN_UNINITIALIZED_AUTOS = YES_AGGRESSIVE;
				GCC_WARN_UNUSED_FUNCTION = YES;
				GCC_WARN_UNUSED_VARIABLE = YES;
				IPHONEOS_DEPLOYMENT_TARGET = 17.0;
				LOCALIZATION_PREFERS_STRING_CATALOGS = YES;
				MTL_ENABLE_DEBUG_INFO = INCLUDE_SOURCE;
				MTL_FAST_MATH = YES;
				ONLY_ACTIVE_ARCH = YES;
				SDKROOT = iphoneos;
				SWIFT_ACTIVE_COMPILATION_CONDITIONS = "DEBUG $(inherited)";
				SWIFT_OPTIMIZATION_LEVEL = "-Onone";
			};
			name = Debug;
		};
		C4DE85542B3C6765009C9576 /* Release */ = {
			isa = XCBuildConfiguration;
			buildSettings = {
				ALWAYS_SEARCH_USER_PATHS = NO;
				ASSETCATALOG_COMPILER_GENERATE_SWIFT_ASSET_SYMBOL_EXTENSIONS = YES;
				CLANG_ANALYZER_NONNULL = YES;
				CLANG_ANALYZER_NUMBER_OBJECT_CONVERSION = YES_AGGRESSIVE;
				CLANG_CXX_LANGUAGE_STANDARD = "gnu++20";
				CLANG_ENABLE_MODULES = YES;
				CLANG_ENABLE_OBJC_ARC = YES;
				CLANG_ENABLE_OBJC_WEAK = YES;
				CLANG_WARN_BLOCK_CAPTURE_AUTORELEASING = YES;
				CLANG_WARN_BOOL_CONVERSION = YES;
				CLANG_WARN_COMMA = YES;
				CLANG_WARN_CONSTANT_CONVERSION = YES;
				CLANG_WARN_DEPRECATED_OBJC_IMPLEMENTATIONS = YES;
				CLANG_WARN_DIRECT_OBJC_ISA_USAGE = YES_ERROR;
				CLANG_WARN_DOCUMENTATION_COMMENTS = YES;
				CLANG_WARN_EMPTY_BODY = YES;
				CLANG_WARN_ENUM_CONVERSION = YES;
				CLANG_WARN_INFINITE_RECURSION = YES;
				CLANG_WARN_INT_CONVERSION = YES;
				CLANG_WARN_NON_LITERAL_NULL_CONVERSION = YES;
				CLANG_WARN_OBJC_IMPLICIT_RETAIN_SELF = YES;
				CLANG_WARN_OBJC_LITERAL_CONVERSION = YES;
				CLANG_WARN_OBJC_ROOT_CLASS = YES_ERROR;
				CLANG_WARN_QUOTED_INCLUDE_IN_FRAMEWORK_HEADER = YES;
				CLANG_WARN_RANGE_LOOP_ANALYSIS = YES;
				CLANG_WARN_STRICT_PROTOTYPES = YES;
				CLANG_WARN_SUSPICIOUS_MOVE = YES;
				CLANG_WARN_UNGUARDED_AVAILABILITY = YES_AGGRESSIVE;
				CLANG_WARN_UNREACHABLE_CODE = YES;
				CLANG_WARN__DUPLICATE_METHOD_MATCH = YES;
				COPY_PHASE_STRIP = NO;
				DEBUG_INFORMATION_FORMAT = "dwarf-with-dsym";
				ENABLE_NS_ASSERTIONS = NO;
				ENABLE_STRICT_OBJC_MSGSEND = YES;
				ENABLE_USER_SCRIPT_SANDBOXING = YES;
				GCC_C_LANGUAGE_STANDARD = gnu17;
				GCC_NO_COMMON_BLOCKS = YES;
				GCC_WARN_64_TO_32_BIT_CONVERSION = YES;
				GCC_WARN_ABOUT_RETURN_TYPE = YES_ERROR;
				GCC_WARN_UNDECLARED_SELECTOR = YES;
				GCC_WARN_UNINITIALIZED_AUTOS = YES_AGGRESSIVE;
				GCC_WARN_UNUSED_FUNCTION = YES;
				GCC_WARN_UNUSED_VARIABLE = YES;
				IPHONEOS_DEPLOYMENT_TARGET = 17.0;
				LOCALIZATION_PREFERS_STRING_CATALOGS = YES;
				MTL_ENABLE_DEBUG_INFO = NO;
				MTL_FAST_MATH = YES;
				SDKROOT = iphoneos;
				SWIFT_COMPILATION_MODE = wholemodule;
				VALIDATE_PRODUCT = YES;
			};
			name = Release;
		};
		C4DE85562B3C6765009C9576 /* Debug */ = {
			isa = XCBuildConfiguration;
			buildSettings = {
				ASSETCATALOG_COMPILER_APPICON_NAME = AppIcon;
				ASSETCATALOG_COMPILER_GLOBAL_ACCENT_COLOR_NAME = AccentColor;
				CODE_SIGN_STYLE = Automatic;
				CURRENT_PROJECT_VERSION = 1;
				DEVELOPMENT_ASSET_PATHS = "\"Accessible News/Preview Content\"";
				DEVELOPMENT_TEAM = X825NANUF8;
				ENABLE_PREVIEWS = YES;
				GENERATE_INFOPLIST_FILE = YES;
				INFOPLIST_KEY_UIApplicationSceneManifest_Generation = YES;
				INFOPLIST_KEY_UIApplicationSupportsIndirectInputEvents = YES;
				INFOPLIST_KEY_UILaunchScreen_Generation = YES;
				INFOPLIST_KEY_UISupportedInterfaceOrientations_iPad = "UIInterfaceOrientationPortrait UIInterfaceOrientationPortraitUpsideDown UIInterfaceOrientationLandscapeLeft UIInterfaceOrientationLandscapeRight";
				INFOPLIST_KEY_UISupportedInterfaceOrientations_iPhone = "UIInterfaceOrientationPortrait UIInterfaceOrientationLandscapeLeft UIInterfaceOrientationLandscapeRight";
				LD_RUNPATH_SEARCH_PATHS = (
					"$(inherited)",
					"@executable_path/Frameworks",
				);
				MARKETING_VERSION = 1.0;
				PRODUCT_BUNDLE_IDENTIFIER = "test.Accessible-News";
				PRODUCT_NAME = "$(TARGET_NAME)";
				SWIFT_EMIT_LOC_STRINGS = YES;
				SWIFT_VERSION = 5.0;
				TARGETED_DEVICE_FAMILY = "1,2";
			};
			name = Debug;
		};
		C4DE85572B3C6765009C9576 /* Release */ = {
			isa = XCBuildConfiguration;
			buildSettings = {
				ASSETCATALOG_COMPILER_APPICON_NAME = AppIcon;
				ASSETCATALOG_COMPILER_GLOBAL_ACCENT_COLOR_NAME = AccentColor;
				CODE_SIGN_STYLE = Automatic;
				CURRENT_PROJECT_VERSION = 1;
				DEVELOPMENT_ASSET_PATHS = "\"Accessible News/Preview Content\"";
				DEVELOPMENT_TEAM = X825NANUF8;
				ENABLE_PREVIEWS = YES;
				GENERATE_INFOPLIST_FILE = YES;
				INFOPLIST_KEY_UIApplicationSceneManifest_Generation = YES;
				INFOPLIST_KEY_UIApplicationSupportsIndirectInputEvents = YES;
				INFOPLIST_KEY_UILaunchScreen_Generation = YES;
				INFOPLIST_KEY_UISupportedInterfaceOrientations_iPad = "UIInterfaceOrientationPortrait UIInterfaceOrientationPortraitUpsideDown UIInterfaceOrientationLandscapeLeft UIInterfaceOrientationLandscapeRight";
				INFOPLIST_KEY_UISupportedInterfaceOrientations_iPhone = "UIInterfaceOrientationPortrait UIInterfaceOrientationLandscapeLeft UIInterfaceOrientationLandscapeRight";
				LD_RUNPATH_SEARCH_PATHS = (
					"$(inherited)",
					"@executable_path/Frameworks",
				);
				MARKETING_VERSION = 1.0;
				PRODUCT_BUNDLE_IDENTIFIER = "test.Accessible-News";
				PRODUCT_NAME = "$(TARGET_NAME)";
				SWIFT_EMIT_LOC_STRINGS = YES;
				SWIFT_VERSION = 5.0;
				TARGETED_DEVICE_FAMILY = "1,2";
			};
			name = Release;
		};
/* End XCBuildConfiguration section */

/* Begin XCConfigurationList section */
		C4DE85422B3C6763009C9576 /* Build configuration list for PBXProject "Accessible News" */ = {
			isa = XCConfigurationList;
			buildConfigurations = (
				C4DE85532B3C6765009C9576 /* Debug */,
				C4DE85542B3C6765009C9576 /* Release */,
			);
			defaultConfigurationIsVisible = 0;
			defaultConfigurationName = Release;
		};
		C4DE85552B3C6765009C9576 /* Build configuration list for PBXNativeTarget "Accessible News" */ = {
			isa = XCConfigurationList;
			buildConfigurations = (
				C4DE85562B3C6765009C9576 /* Debug */,
				C4DE85572B3C6765009C9576 /* Release */,
			);
			defaultConfigurationIsVisible = 0;
			defaultConfigurationName = Release;
		};
/* End XCConfigurationList section */

/* Begin XCRemoteSwiftPackageReference section */
		C4DE855A2B3C6DD0009C9576 /* XCRemoteSwiftPackageReference "networking-package-generic" */ = {
			isa = XCRemoteSwiftPackageReference;
			repositoryURL = "https://github.com/levanl/networking-package-generic.git";
			requirement = {
				branch = main;
				kind = branch;
			};
		};
/* End XCRemoteSwiftPackageReference section */

/* Begin XCSwiftPackageProductDependency section */
		C4DE855B2B3C6DD0009C9576 /* NetworkingPackageGeneric */ = {
			isa = XCSwiftPackageProductDependency;
			package = C4DE855A2B3C6DD0009C9576 /* XCRemoteSwiftPackageReference "networking-package-generic" */;
			productName = NetworkingPackageGeneric;
		};
/* End XCSwiftPackageProductDependency section */
	};
	rootObject = C4DE853F2B3C6763009C9576 /* Project object */;
}
